Microsoft Visual Studio Solution File, Format Version 12.00
# Visual Studio Version 17
VisualStudioVersion = 17.0.31903.59
MinimumVisualStudioVersion = 10.0.40219.1
Project("{FAE04EC0-301F-11D3-BF4B-00C04F79EFBC}") = "ComfySharp", "ComfySharp\ComfySharp\ComfySharp.csproj", "{A1B2C3D4-E5F6-7890-ABCD-EF1234567890}"
EndProject
Project("{2150E333-8FDC-42A3-9474-1A3956D46DE8}") = "ComfySharp.Extensions", "ComfySharp.Extensions", "{22EF68FC-420A-4FF0-BB5C-6B29986025CD}"
EndProject
Project("{FAE04EC0-301F-11D3-BF4B-00C04F79EFBC}") = "ComfySharp.Extensions", "ComfySharp.Extensions\ComfySharp.Extensions\ComfySharp.Extensions.csproj", "{4D353844-6102-49B8-AE30-D669EBA1A609}"
EndProject
Project("{FAE04EC0-301F-11D3-BF4B-00C04F79EFBC}") = "ComfySharp.Extensions.Test", "ComfySharp.Extensions\ComfySharp.Extensions.Test\ComfySharp.Extensions.Test.csproj", "{E4967CB6-ADF1-4E2C-A4D1-9FA0793BF79F}"
EndProject
Project("{2150E333-8FDC-42A3-9474-1A3956D46DE8}") = "ComfySharp.Extensions.EasyUse", "ComfySharp.Extensions.EasyUse", "{F571EB89-ABD8-4647-BED1-DB05FB79EAF6}"
EndProject
Project("{FAE04EC0-301F-11D3-BF4B-00C04F79EFBC}") = "ComfySharp.Extensions.EasyUse", "ComfySharp.Extensions.EasyUse\ComfySharp.Extensions.EasyUse\ComfySharp.Extensions.EasyUse.csproj", "{C9D3ACBF-AF5F-4794-8103-263928A9C3AB}"
EndProject
Project("{FAE04EC0-301F-11D3-BF4B-00C04F79EFBC}") = "ComfySharp.Extensions.EasyUse.Test", "ComfySharp.Extensions.EasyUse\ComfySharp.Extensions.EasyUse.Test\ComfySharp.Extensions.EasyUse.Test.csproj", "{D79E039C-CE02-4AEA-9E4F-AE61B4E598CF}"
EndProject
Project("{2150E333-8FDC-42A3-9474-1A3956D46DE8}") = "ComfySharp.Extensions.Nunchaku", "ComfySharp.Extensions.Nunchaku", "{78C51970-C43B-4E19-8925-B7C17A0918C3}"
EndProject
Project("{FAE04EC0-301F-11D3-BF4B-00C04F79EFBC}") = "ComfySharp.Extensions.Nunchaku", "ComfySharp.Extensions.Nunchaku\ComfySharp.Extensions.Nunchaku\ComfySharp.Extensions.Nunchaku.csproj", "{57DAE65B-BCBF-4C78-8B7A-77117055D37D}"
EndProject
Project("{FAE04EC0-301F-11D3-BF4B-00C04F79EFBC}") = "ComfySharp.Extensions.Nunchaku.Test", "ComfySharp.Extensions.Nunchaku\ComfySharp.Extensions.Nunchaku.Test\ComfySharp.Extensions.Nunchaku.Test.csproj", "{BEE26101-3BB1-4BCF-910A-1AB69A139D74}"
EndProject
Project("{2150E333-8FDC-42A3-9474-1A3956D46DE8}") = "ComfySharp.Extensions.ReActor", "ComfySharp.Extensions.ReActor", "{E9DE05B2-A002-48A4-B110-C67D24912901}"
EndProject
Project("{FAE04EC0-301F-11D3-BF4B-00C04F79EFBC}") = "ComfySharp.Extensions.ReActor", "ComfySharp.Extensions.ReActor\ComfySharp.Extensions.ReActor\ComfySharp.Extensions.ReActor.csproj", "{FAE4EA35-CD4A-4A6D-AE4F-A51A5325EDC1}"
EndProject
Project("{FAE04EC0-301F-11D3-BF4B-00C04F79EFBC}") = "ComfySharp.Extensions.ReActor.Test", "ComfySharp.Extensions.ReActor\ComfySharp.Extensions.ReActor.Test\ComfySharp.Extensions.ReActor.Test.csproj", "{F4721A22-C139-457A-BA90-3150745C872F}"
EndProject
Global
	GlobalSection(SolutionConfigurationPlatforms) = preSolution
		Debug|Any CPU = Debug|Any CPU
		Release|Any CPU = Release|Any CPU
	EndGlobalSection
	GlobalSection(ProjectConfigurationPlatforms) = postSolution
		{A1B2C3D4-E5F6-7890-ABCD-EF1234567890}.Debug|Any CPU.ActiveCfg = Debug|Any CPU
		{A1B2C3D4-E5F6-7890-ABCD-EF1234567890}.Debug|Any CPU.Build.0 = Debug|Any CPU
		{A1B2C3D4-E5F6-7890-ABCD-EF1234567890}.Release|Any CPU.ActiveCfg = Release|Any CPU
		{A1B2C3D4-E5F6-7890-ABCD-EF1234567890}.Release|Any CPU.Build.0 = Release|Any CPU
		{4D353844-6102-49B8-AE30-D669EBA1A609}.Debug|Any CPU.ActiveCfg = Debug|Any CPU
		{4D353844-6102-49B8-AE30-D669EBA1A609}.Debug|Any CPU.Build.0 = Debug|Any CPU
		{4D353844-6102-49B8-AE30-D669EBA1A609}.Release|Any CPU.ActiveCfg = Release|Any CPU
		{4D353844-6102-49B8-AE30-D669EBA1A609}.Release|Any CPU.Build.0 = Release|Any CPU
		{57DAE65B-BCBF-4C78-8B7A-77117055D37D}.Debug|Any CPU.ActiveCfg = Debug|Any CPU
		{57DAE65B-BCBF-4C78-8B7A-77117055D37D}.Debug|Any CPU.Build.0 = Debug|Any CPU
		{57DAE65B-BCBF-4C78-8B7A-77117055D37D}.Release|Any CPU.ActiveCfg = Release|Any CPU
		{57DAE65B-BCBF-4C78-8B7A-77117055D37D}.Release|Any CPU.Build.0 = Release|Any CPU
		{FAE4EA35-CD4A-4A6D-AE4F-A51A5325EDC1}.Debug|Any CPU.ActiveCfg = Debug|Any CPU
		{FAE4EA35-CD4A-4A6D-AE4F-A51A5325EDC1}.Debug|Any CPU.Build.0 = Debug|Any CPU
		{FAE4EA35-CD4A-4A6D-AE4F-A51A5325EDC1}.Release|Any CPU.ActiveCfg = Release|Any CPU
		{FAE4EA35-CD4A-4A6D-AE4F-A51A5325EDC1}.Release|Any CPU.Build.0 = Release|Any CPU
		{C9D3ACBF-AF5F-4794-8103-263928A9C3AB}.Debug|Any CPU.ActiveCfg = Debug|Any CPU
		{C9D3ACBF-AF5F-4794-8103-263928A9C3AB}.Debug|Any CPU.Build.0 = Debug|Any CPU
		{C9D3ACBF-AF5F-4794-8103-263928A9C3AB}.Release|Any CPU.ActiveCfg = Release|Any CPU
		{C9D3ACBF-AF5F-4794-8103-263928A9C3AB}.Release|Any CPU.Build.0 = Release|Any CPU
		{E4967CB6-ADF1-4E2C-A4D1-9FA0793BF79F}.Debug|Any CPU.ActiveCfg = Debug|Any CPU
		{E4967CB6-ADF1-4E2C-A4D1-9FA0793BF79F}.Debug|Any CPU.Build.0 = Debug|Any CPU
		{E4967CB6-ADF1-4E2C-A4D1-9FA0793BF79F}.Release|Any CPU.ActiveCfg = Release|Any CPU
		{E4967CB6-ADF1-4E2C-A4D1-9FA0793BF79F}.Release|Any CPU.Build.0 = Release|Any CPU
		{BEE26101-3BB1-4BCF-910A-1AB69A139D74}.Debug|Any CPU.ActiveCfg = Debug|Any CPU
		{BEE26101-3BB1-4BCF-910A-1AB69A139D74}.Debug|Any CPU.Build.0 = Debug|Any CPU
		{BEE26101-3BB1-4BCF-910A-1AB69A139D74}.Release|Any CPU.ActiveCfg = Release|Any CPU
		{BEE26101-3BB1-4BCF-910A-1AB69A139D74}.Release|Any CPU.Build.0 = Release|Any CPU
		{F4721A22-C139-457A-BA90-3150745C872F}.Debug|Any CPU.ActiveCfg = Debug|Any CPU
		{F4721A22-C139-457A-BA90-3150745C872F}.Debug|Any CPU.Build.0 = Debug|Any CPU
		{F4721A22-C139-457A-BA90-3150745C872F}.Release|Any CPU.ActiveCfg = Release|Any CPU
		{F4721A22-C139-457A-BA90-3150745C872F}.Release|Any CPU.Build.0 = Release|Any CPU
		{D79E039C-CE02-4AEA-9E4F-AE61B4E598CF}.Debug|Any CPU.ActiveCfg = Debug|Any CPU
		{D79E039C-CE02-4AEA-9E4F-AE61B4E598CF}.Debug|Any CPU.Build.0 = Debug|Any CPU
		{D79E039C-CE02-4AEA-9E4F-AE61B4E598CF}.Release|Any CPU.ActiveCfg = Release|Any CPU
		{D79E039C-CE02-4AEA-9E4F-AE61B4E598CF}.Release|Any CPU.Build.0 = Release|Any CPU
	EndGlobalSection
	GlobalSection(SolutionProperties) = preSolution
		HideSolutionNode = FALSE
	EndGlobalSection
	GlobalSection(NestedProjects) = preSolution
		{4D353844-6102-49B8-AE30-D669EBA1A609} = {22EF68FC-420A-4FF0-BB5C-6B29986025CD}
		{E4967CB6-ADF1-4E2C-A4D1-9FA0793BF79F} = {22EF68FC-420A-4FF0-BB5C-6B29986025CD}
		{C9D3ACBF-AF5F-4794-8103-263928A9C3AB} = {F571EB89-ABD8-4647-BED1-DB05FB79EAF6}
		{D79E039C-CE02-4AEA-9E4F-AE61B4E598CF} = {F571EB89-ABD8-4647-BED1-DB05FB79EAF6}
		{57DAE65B-BCBF-4C78-8B7A-77117055D37D} = {78C51970-C43B-4E19-8925-B7C17A0918C3}
		{BEE26101-3BB1-4BCF-910A-1AB69A139D74} = {78C51970-C43B-4E19-8925-B7C17A0918C3}
		{FAE4EA35-CD4A-4A6D-AE4F-A51A5325EDC1} = {E9DE05B2-A002-48A4-B110-C67D24912901}
		{F4721A22-C139-457A-BA90-3150745C872F} = {E9DE05B2-A002-48A4-B110-C67D24912901}
	EndGlobalSection
EndGlobal